
Microsoft Visual Studio Solution File, Format Version 12.00
# Visual Studio 15
VisualStudioVersion = 15.0.28307.1145
MinimumVisualStudioVersion = 10.0.40219.1
Project("{8BC9CEB8-8B4A-11D0-8D11-00A0C91BC942}") = "J3DEngine", "J3DEngine\J3DEngine.vcxproj", "{876553CC-6603-4752-B10D-EDEE46B76701}"
EndProject
Project("{2150E333-8FDC-42A3-9474-1A3956D46DE8}") = "Software", "Software", "{0855FEDF-51BA-4BEE-8BE8-CBA92BE481F9}"
EndProject
Project("{8BC9CEB8-8B4A-11D0-8D11-00A0C91BC942}") = "J3DGUI", "J3DGUI\QT3DReconstruction.vcxproj", "{34E1DCE3-43FC-45FE-89AB-BE84E115FCEC}"
EndProject
Project("{8BC9CEB8-8B4A-11D0-8D11-00A0C91BC942}") = "Viewer", "Viewer\Viewer.vcxproj", "{84686931-3F00-3FD3-BD52-233F97739FF2}"
EndProject
Project("{8BC9CEB8-8B4A-11D0-8D11-00A0C91BC942}") = "J3DMVSEngine", "MVSEngine\MVSEngine.vcxproj", "{B2482291-0BAD-4B20-857A-D3E886D30880}"
EndProject
Project("{8BC9CEB8-8B4A-11D0-8D11-00A0C91BC942}") = "J3DViewRender", "J3DViewRender\J3DViewRender.vcxproj", "{47DDE12E-E262-4317-9F05-679422DE938D}"
EndProject
Global
	GlobalSection(SolutionConfigurationPlatforms) = preSolution
		Debug|x64 = Debug|x64
		Debug|x86 = Debug|x86
		MinSizeRel|x64 = MinSizeRel|x64
		MinSizeRel|x86 = MinSizeRel|x86
		Release|x64 = Release|x64
		Release|x86 = Release|x86
		RelWithDebInfo|x64 = RelWithDebInfo|x64
		RelWithDebInfo|x86 = RelWithDebInfo|x86
	EndGlobalSection
	GlobalSection(ProjectConfigurationPlatforms) = postSolution
		{876553CC-6603-4752-B10D-EDEE46B76701}.Debug|x64.ActiveCfg = Debug|x64
		{876553CC-6603-4752-B10D-EDEE46B76701}.Debug|x64.Build.0 = Debug|x64
		{876553CC-6603-4752-B10D-EDEE46B76701}.Debug|x86.ActiveCfg = Debug|Win32
		{876553CC-6603-4752-B10D-EDEE46B76701}.Debug|x86.Build.0 = Debug|Win32
		{876553CC-6603-4752-B10D-EDEE46B76701}.MinSizeRel|x64.ActiveCfg = Release|x64
		{876553CC-6603-4752-B10D-EDEE46B76701}.MinSizeRel|x64.Build.0 = Release|x64
		{876553CC-6603-4752-B10D-EDEE46B76701}.MinSizeRel|x86.ActiveCfg = Release|Win32
		{876553CC-6603-4752-B10D-EDEE46B76701}.MinSizeRel|x86.Build.0 = Release|Win32
		{876553CC-6603-4752-B10D-EDEE46B76701}.Release|x64.ActiveCfg = Release|x64
		{876553CC-6603-4752-B10D-EDEE46B76701}.Release|x64.Build.0 = Release|x64
		{876553CC-6603-4752-B10D-EDEE46B76701}.Release|x86.ActiveCfg = Release|Win32
		{876553CC-6603-4752-B10D-EDEE46B76701}.Release|x86.Build.0 = Release|Win32
		{876553CC-6603-4752-B10D-EDEE46B76701}.RelWithDebInfo|x64.ActiveCfg = Release|x64
		{876553CC-6603-4752-B10D-EDEE46B76701}.RelWithDebInfo|x64.Build.0 = Release|x64
		{876553CC-6603-4752-B10D-EDEE46B76701}.RelWithDebInfo|x86.ActiveCfg = Release|Win32
		{876553CC-6603-4752-B10D-EDEE46B76701}.RelWithDebInfo|x86.Build.0 = Release|Win32
		{34E1DCE3-43FC-45FE-89AB-BE84E115FCEC}.Debug|x64.ActiveCfg = Debug|x64
		{34E1DCE3-43FC-45FE-89AB-BE84E115FCEC}.Debug|x64.Build.0 = Debug|x64
		{34E1DCE3-43FC-45FE-89AB-BE84E115FCEC}.Debug|x86.ActiveCfg = Debug|Win32
		{34E1DCE3-43FC-45FE-89AB-BE84E115FCEC}.Debug|x86.Build.0 = Debug|Win32
		{34E1DCE3-43FC-45FE-89AB-BE84E115FCEC}.MinSizeRel|x64.ActiveCfg = Debug|x64
		{34E1DCE3-43FC-45FE-89AB-BE84E115FCEC}.MinSizeRel|x64.Build.0 = Debug|x64
		{34E1DCE3-43FC-45FE-89AB-BE84E115FCEC}.MinSizeRel|x86.ActiveCfg = Release|Win32
		{34E1DCE3-43FC-45FE-89AB-BE84E115FCEC}.MinSizeRel|x86.Build.0 = Release|Win32
		{34E1DCE3-43FC-45FE-89AB-BE84E115FCEC}.Release|x64.ActiveCfg = Release|x64
		{34E1DCE3-43FC-45FE-89AB-BE84E115FCEC}.Release|x64.Build.0 = Release|x64
		{34E1DCE3-43FC-45FE-89AB-BE84E115FCEC}.Release|x86.ActiveCfg = Release|Win32
		{34E1DCE3-43FC-45FE-89AB-BE84E115FCEC}.Release|x86.Build.0 = Release|Win32
		{34E1DCE3-43FC-45FE-89AB-BE84E115FCEC}.RelWithDebInfo|x64.ActiveCfg = Release|x64
		{34E1DCE3-43FC-45FE-89AB-BE84E115FCEC}.RelWithDebInfo|x64.Build.0 = Release|x64
		{34E1DCE3-43FC-45FE-89AB-BE84E115FCEC}.RelWithDebInfo|x86.ActiveCfg = Release|Win32
		{34E1DCE3-43FC-45FE-89AB-BE84E115FCEC}.RelWithDebInfo|x86.Build.0 = Release|Win32
		{84686931-3F00-3FD3-BD52-233F97739FF2}.Debug|x64.ActiveCfg = Debug|x64
		{84686931-3F00-3FD3-BD52-233F97739FF2}.Debug|x64.Build.0 = Debug|x64
		{84686931-3F00-3FD3-BD52-233F97739FF2}.Debug|x86.ActiveCfg = Debug|x64
		{84686931-3F00-3FD3-BD52-233F97739FF2}.MinSizeRel|x64.ActiveCfg = MinSizeRel|x64
		{84686931-3F00-3FD3-BD52-233F97739FF2}.MinSizeRel|x64.Build.0 = MinSizeRel|x64
		{84686931-3F00-3FD3-BD52-233F97739FF2}.MinSizeRel|x86.ActiveCfg = MinSizeRel|x64
		{84686931-3F00-3FD3-BD52-233F97739FF2}.Release|x64.ActiveCfg = Release|x64
		{84686931-3F00-3FD3-BD52-233F97739FF2}.Release|x64.Build.0 = Release|x64
		{84686931-3F00-3FD3-BD52-233F97739FF2}.Release|x86.ActiveCfg = Release|x64
		{84686931-3F00-3FD3-BD52-233F97739FF2}.RelWithDebInfo|x64.ActiveCfg = RelWithDebInfo|x64
		{84686931-3F00-3FD3-BD52-233F97739FF2}.RelWithDebInfo|x64.Build.0 = RelWithDebInfo|x64
		{84686931-3F00-3FD3-BD52-233F97739FF2}.RelWithDebInfo|x86.ActiveCfg = RelWithDebInfo|x64
		{B2482291-0BAD-4B20-857A-D3E886D30880}.Debug|x64.ActiveCfg = Debug|x64
		{B2482291-0BAD-4B20-857A-D3E886D30880}.Debug|x64.Build.0 = Debug|x64
		{B2482291-0BAD-4B20-857A-D3E886D30880}.Debug|x86.ActiveCfg = Debug|Win32
		{B2482291-0BAD-4B20-857A-D3E886D30880}.Debug|x86.Build.0 = Debug|Win32
		{B2482291-0BAD-4B20-857A-D3E886D30880}.MinSizeRel|x64.ActiveCfg = Debug|x64
		{B2482291-0BAD-4B20-857A-D3E886D30880}.MinSizeRel|x64.Build.0 = Debug|x64
		{B2482291-0BAD-4B20-857A-D3E886D30880}.MinSizeRel|x86.ActiveCfg = Release|Win32
		{B2482291-0BAD-4B20-857A-D3E886D30880}.MinSizeRel|x86.Build.0 = Release|Win32
		{B2482291-0BAD-4B20-857A-D3E886D30880}.Release|x64.ActiveCfg = Release|x64
		{B2482291-0BAD-4B20-857A-D3E886D30880}.Release|x64.Build.0 = Release|x64
		{B2482291-0BAD-4B20-857A-D3E886D30880}.Release|x86.ActiveCfg = Release|Win32
		{B2482291-0BAD-4B20-857A-D3E886D30880}.Release|x86.Build.0 = Release|Win32
		{B2482291-0BAD-4B20-857A-D3E886D30880}.RelWithDebInfo|x64.ActiveCfg = Release|x64
		{B2482291-0BAD-4B20-857A-D3E886D30880}.RelWithDebInfo|x64.Build.0 = Release|x64
		{B2482291-0BAD-4B20-857A-D3E886D30880}.RelWithDebInfo|x86.ActiveCfg = Release|Win32
		{B2482291-0BAD-4B20-857A-D3E886D30880}.RelWithDebInfo|x86.Build.0 = Release|Win32
		{47DDE12E-E262-4317-9F05-679422DE938D}.Debug|x64.ActiveCfg = Debug|x64
		{47DDE12E-E262-4317-9F05-679422DE938D}.Debug|x64.Build.0 = Debug|x64
		{47DDE12E-E262-4317-9F05-679422DE938D}.Debug|x86.ActiveCfg = Debug|Win32
		{47DDE12E-E262-4317-9F05-679422DE938D}.Debug|x86.Build.0 = Debug|Win32
		{47DDE12E-E262-4317-9F05-679422DE938D}.MinSizeRel|x64.ActiveCfg = Release|x64
		{47DDE12E-E262-4317-9F05-679422DE938D}.MinSizeRel|x64.Build.0 = Release|x64
		{47DDE12E-E262-4317-9F05-679422DE938D}.MinSizeRel|x86.ActiveCfg = Release|Win32
		{47DDE12E-E262-4317-9F05-679422DE938D}.MinSizeRel|x86.Build.0 = Release|Win32
		{47DDE12E-E262-4317-9F05-679422DE938D}.Release|x64.ActiveCfg = Release|x64
		{47DDE12E-E262-4317-9F05-679422DE938D}.Release|x64.Build.0 = Release|x64
		{47DDE12E-E262-4317-9F05-679422DE938D}.Release|x86.ActiveCfg = Release|Win32
		{47DDE12E-E262-4317-9F05-679422DE938D}.Release|x86.Build.0 = Release|Win32
		{47DDE12E-E262-4317-9F05-679422DE938D}.RelWithDebInfo|x64.ActiveCfg = Release|x64
		{47DDE12E-E262-4317-9F05-679422DE938D}.RelWithDebInfo|x64.Build.0 = Release|x64
		{47DDE12E-E262-4317-9F05-679422DE938D}.RelWithDebInfo|x86.ActiveCfg = Release|Win32
		{47DDE12E-E262-4317-9F05-679422DE938D}.RelWithDebInfo|x86.Build.0 = Release|Win32
	EndGlobalSection
	GlobalSection(SolutionProperties) = preSolution
		HideSolutionNode = FALSE
	EndGlobalSection
	GlobalSection(NestedProjects) = preSolution
		{876553CC-6603-4752-B10D-EDEE46B76701} = {0855FEDF-51BA-4BEE-8BE8-CBA92BE481F9}
		{34E1DCE3-43FC-45FE-89AB-BE84E115FCEC} = {0855FEDF-51BA-4BEE-8BE8-CBA92BE481F9}
		{84686931-3F00-3FD3-BD52-233F97739FF2} = {0855FEDF-51BA-4BEE-8BE8-CBA92BE481F9}
		{B2482291-0BAD-4B20-857A-D3E886D30880} = {0855FEDF-51BA-4BEE-8BE8-CBA92BE481F9}
		{47DDE12E-E262-4317-9F05-679422DE938D} = {0855FEDF-51BA-4BEE-8BE8-CBA92BE481F9}
	EndGlobalSection
	GlobalSection(ExtensibilityGlobals) = postSolution
		SolutionGuid = {AB89B0A3-73DD-4371-B6B4-EE9C3D69856F}
	EndGlobalSection
EndGlobal
