<?xml version="1.0" encoding="utf-8"?>
<Project ToolsVersion="4.0" xmlns="http://schemas.microsoft.com/developer/msbuild/2003">
  <ItemGroup>
    <Filter Include="Header Files">
      <UniqueIdentifier>{93995380-89BD-4b04-88EB-625FBE52EBFB}</UniqueIdentifier>
      <Extensions>h;hh;hpp;hxx;hm;inl;inc;xsd</Extensions>
    </Filter>
    <Filter Include="Resource Files">
      <UniqueIdentifier>{67DA6AB6-F800-4c08-8B7A-83BB121AAD01}</UniqueIdentifier>
      <Extensions>rc;ico;cur;bmp;dlg;rc2;rct;bin;rgs;gif;jpg;jpeg;jpe;resx;tiff;tif;png;wav;mfcribbon-ms</Extensions>
    </Filter>
    <Filter Include="Form Files">
      <UniqueIdentifier>{99349809-55BA-4b9d-BF79-8FDBB0286EB3}</UniqueIdentifier>
      <Extensions>ui</Extensions>
    </Filter>
    <Filter Include="Resource Files">
      <UniqueIdentifier>{D9D6E242-F8AF-46E4-B9FD-80ECBC20BA3E}</UniqueIdentifier>
      <Extensions>qrc;*</Extensions>
      <ParseFiles>false</ParseFiles>
    </Filter>
    <Filter Include="Source Files">
      <UniqueIdentifier>{4FC737F1-C7A5-4376-A066-2A32D752A2FF}</UniqueIdentifier>
      <Extensions>cpp;c;cc;cxx;def;odl;idl;hpj;bat;asm;asmx</Extensions>
    </Filter>
  </ItemGroup>
  <ItemGroup>
    <QtMoc Include="QT3DReconstruction.h">
      <Filter>Header Files</Filter>
    </QtMoc>
    <ClCompile Include="QT3DReconstruction.cpp">
      <Filter>Source Files</Filter>
    </ClCompile>
    <QtUic Include="dialog_densifypointcloud.ui">
      <Filter>Form Files</Filter>
    </QtUic>
    <QtUic Include="Dialog_MatchFeature.ui">
      <Filter>Form Files</Filter>
    </QtUic>
    <QtUic Include="dialog_sfm.ui">
      <Filter>Form Files</Filter>
    </QtUic>
    <QtMoc Include="Dialog_ReconstructMesh.h">
      <Filter>Header Files</Filter>
    </QtMoc>
    <QtMoc Include="dialog_texturemesh.h">
      <Filter>Header Files</Filter>
    </QtMoc>
    <QtMoc Include="dialog_addsensorwidth.h">
      <Filter>Header Files</Filter>
    </QtMoc>
    <QtMoc Include="mvsviewer.h">
      <Filter>Header Files</Filter>
    </QtMoc>
    <QtMoc Include="dialog_fullauto.h">
      <Filter>Header Files</Filter>
    </QtMoc>
  </ItemGroup>
  <ItemGroup>
    <ClCompile Include="main.cpp">
      <Filter>Source Files</Filter>
    </ClCompile>
    <ClCompile Include="dialog_densifypointcloud.cpp">
      <Filter>Source Files</Filter>
    </ClCompile>
    <ClCompile Include="Dialog_MatchFeature.cpp">
      <Filter>Source Files</Filter>
    </ClCompile>
    <ClCompile Include="dialog_sfm.cpp">
      <Filter>Source Files</Filter>
    </ClCompile>
    <ClCompile Include="Global.cpp">
      <Filter>Source Files</Filter>
    </ClCompile>
    <ClCompile Include="Dialog_ReconstructMesh.cpp">
      <Filter>Source Files</Filter>
    </ClCompile>
    <ClCompile Include="GLUtil\Matrix4D.cpp">
      <Filter>Source Files</Filter>
    </ClCompile>
    <ClCompile Include="GLUtil\Position3D.cpp">
      <Filter>Source Files</Filter>
    </ClCompile>
    <ClCompile Include="GLUtil\Vector3D.cpp">
      <Filter>Source Files</Filter>
    </ClCompile>
    <ClCompile Include="PlyIO.cpp">
      <Filter>Source Files</Filter>
    </ClCompile>
    <ClCompile Include="dialog_texturemesh.cpp">
      <Filter>Source Files</Filter>
    </ClCompile>
    <ClCompile Include="dialog_addsensorwidth.cpp">
      <Filter>Source Files</Filter>
    </ClCompile>
    <ClCompile Include="mvsviewer.cpp">
      <Filter>Source Files</Filter>
    </ClCompile>
    <ClCompile Include="dialog_fullauto.cpp">
      <Filter>Source Files</Filter>
    </ClCompile>
    <ClCompile Include="Camera.cpp">
      <Filter>Source Files</Filter>
    </ClCompile>
    <ClCompile Include="Common.cpp">
      <Filter>Source Files</Filter>
    </ClCompile>
    <ClCompile Include="Image.cpp">
      <Filter>Source Files</Filter>
    </ClCompile>
    <ClCompile Include="Scene.cpp">
      <Filter>Source Files</Filter>
    </ClCompile>
    <ClCompile Include="Viewer.cpp">
      <Filter>Source Files</Filter>
    </ClCompile>
    <ClCompile Include="Window.cpp">
      <Filter>Source Files</Filter>
    </ClCompile>
  </ItemGroup>
  <ItemGroup>
    <QtMoc Include="dialog_densifypointcloud.h">
      <Filter>Header Files</Filter>
    </QtMoc>
    <QtMoc Include="dialog_matchfeature.h">
      <Filter>Header Files</Filter>
    </QtMoc>
    <QtMoc Include="dialog_sfm.h">
      <Filter>Header Files</Filter>
    </QtMoc>
  </ItemGroup>
  <ItemGroup>
    <ClInclude Include="Global.h">
      <Filter>Header Files</Filter>
    </ClInclude>
    <ClInclude Include="resource1.h">
      <Filter>Header Files</Filter>
    </ClInclude>
    <ClInclude Include="resource2.h">
      <Filter>Header Files</Filter>
    </ClInclude>
    <ClInclude Include="GLUtil\Matrix4D.h">
      <Filter>Header Files</Filter>
    </ClInclude>
    <ClInclude Include="GLUtil\Position3D.h">
      <Filter>Header Files</Filter>
    </ClInclude>
    <ClInclude Include="GLUtil\Vector3D.h">
      <Filter>Header Files</Filter>
    </ClInclude>
    <ClInclude Include="PlyIO.h">
      <Filter>Header Files</Filter>
    </ClInclude>
    <ClInclude Include="Camera.h">
      <Filter>Header Files</Filter>
    </ClInclude>
    <ClInclude Include="Common.h">
      <Filter>Header Files</Filter>
    </ClInclude>
    <ClInclude Include="Image.h">
      <Filter>Header Files</Filter>
    </ClInclude>
    <ClInclude Include="Scene.h">
      <Filter>Header Files</Filter>
    </ClInclude>
    <ClInclude Include="Window.h">
      <Filter>Header Files</Filter>
    </ClInclude>
  </ItemGroup>
  <ItemGroup>
    <QtRcc Include="QT3DReconstruction.qrc" />
  </ItemGroup>
  <ItemGroup>
    <QtUic Include="QT3DReconstruction.ui">
      <Filter>Form Files</Filter>
    </QtUic>
    <QtUic Include="dialog_reconstructmesh.ui">
      <Filter>Form Files</Filter>
    </QtUic>
    <QtUic Include="dialog_texturemesh.ui">
      <Filter>Form Files</Filter>
    </QtUic>
    <QtUic Include="dialog_addsensorwidth.ui">
      <Filter>Form Files</Filter>
    </QtUic>
    <QtUic Include="dialog_fullauto.ui">
      <Filter>Form Files</Filter>
    </QtUic>
  </ItemGroup>
  <ItemGroup>
    <ResourceCompile Include="J3DGUI.rc">
      <Filter>Resource Files</Filter>
    </ResourceCompile>
  </ItemGroup>
  <ItemGroup>
    <Image Include="J3D_GUI.ico">
      <Filter>Resource Files</Filter>
    </Image>
  </ItemGroup>
</Project>